// !$*UTF8*$!
{
	archiveVersion = 1;
	classes = {
	};
	objectVersion = 50;
	objects = {

/* Begin PBXBuildFile section */
		0461E000209602F600803FFF /* AppDelegate.swift in Sources */ = {isa = PBXBuildFile; fileRef = 0461DFFF209602F600803FFF /* AppDelegate.swift */; };
		0461E002209602F600803FFF /* ViewController.swift in Sources */ = {isa = PBXBuildFile; fileRef = 0461E001209602F600803FFF /* ViewController.swift */; };
		0461E007209602F800803FFF /* Assets.xcassets in Resources */ = {isa = PBXBuildFile; fileRef = 0461E006209602F800803FFF /* Assets.xcassets */; };
		0461E00A209602F800803FFF /* LaunchScreen.storyboard in Resources */ = {isa = PBXBuildFile; fileRef = 0461E008209602F800803FFF /* LaunchScreen.storyboard */; };
		0461E015209602F800803FFF /* MovieInvolvedTests.swift in Sources */ = {isa = PBXBuildFile; fileRef = 0461E014209602F800803FFF /* MovieInvolvedTests.swift */; };
		04D4134620965F07009CFDB4 /* HomeViewController.swift in Sources */ = {isa = PBXBuildFile; fileRef = 04D4134520965F07009CFDB4 /* HomeViewController.swift */; };
		04D4134920965F6F009CFDB4 /* HomeStoryboardLoadable.swift in Sources */ = {isa = PBXBuildFile; fileRef = 04D4134820965F6F009CFDB4 /* HomeStoryboardLoadable.swift */; };
		04E1852420960D1B00534733 /* BaseCallback.swift in Sources */ = {isa = PBXBuildFile; fileRef = 04E1852320960D1B00534733 /* BaseCallback.swift */; };
		04E1852720960D3E00534733 /* CallbackEnum.swift in Sources */ = {isa = PBXBuildFile; fileRef = 04E1852620960D3E00534733 /* CallbackEnum.swift */; };
		04E1852A20960D7200534733 /* DateConverter.swift in Sources */ = {isa = PBXBuildFile; fileRef = 04E1852920960D7200534733 /* DateConverter.swift */; };
		04E1852C20960D9B00534733 /* RemoteUtils.swift in Sources */ = {isa = PBXBuildFile; fileRef = 04E1852B20960D9B00534733 /* RemoteUtils.swift */; };
		04E1852F20960DF100534733 /* StoryboardLoadable.swift in Sources */ = {isa = PBXBuildFile; fileRef = 04E1852E20960DF100534733 /* StoryboardLoadable.swift */; };
		04E1853220960E2300534733 /* UIStoryBoardExtension.swift in Sources */ = {isa = PBXBuildFile; fileRef = 04E1853120960E2300534733 /* UIStoryBoardExtension.swift */; };
		04E1853420960E4E00534733 /* UIActivityIndicatorViewExtension.swift in Sources */ = {isa = PBXBuildFile; fileRef = 04E1853320960E4E00534733 /* UIActivityIndicatorViewExtension.swift */; };
		04E1853620960E6C00534733 /* UIColorExtension.swift in Sources */ = {isa = PBXBuildFile; fileRef = 04E1853520960E6C00534733 /* UIColorExtension.swift */; };
		04E18538209613A500534733 /* UIDeviceExtension.swift in Sources */ = {isa = PBXBuildFile; fileRef = 04E18537209613A500534733 /* UIDeviceExtension.swift */; };
		04E1853A209613EB00534733 /* DefaultValues.swift in Sources */ = {isa = PBXBuildFile; fileRef = 04E18539209613EB00534733 /* DefaultValues.swift */; };
		04E1853C2096142000534733 /* UIViewController.swift in Sources */ = {isa = PBXBuildFile; fileRef = 04E1853B2096142000534733 /* UIViewController.swift */; };
		04E185402096146D00534733 /* LoaderViewController.swift in Sources */ = {isa = PBXBuildFile; fileRef = 04E1853F2096146D00534733 /* LoaderViewController.swift */; };
		04F76215209660EF001326F1 /* Home.storyboard in Resources */ = {isa = PBXBuildFile; fileRef = 04F76214209660EF001326F1 /* Home.storyboard */; };
		04F7621920966249001326F1 /* BuildUrlWithPath.swift in Sources */ = {isa = PBXBuildFile; fileRef = 04F7621820966249001326F1 /* BuildUrlWithPath.swift */; };
		04F7621D20966575001326F1 /* DefaultStringIfNilActionTest.swift in Sources */ = {isa = PBXBuildFile; fileRef = 04F7621C20966575001326F1 /* DefaultStringIfNilActionTest.swift */; };
		04F7621F2096675A001326F1 /* DefaultBoolIfNilActionTest.swift in Sources */ = {isa = PBXBuildFile; fileRef = 04F7621E2096675A001326F1 /* DefaultBoolIfNilActionTest.swift */; };
		04F762212096685C001326F1 /* DefaultDateIfNilActionTest.swift in Sources */ = {isa = PBXBuildFile; fileRef = 04F762202096685C001326F1 /* DefaultDateIfNilActionTest.swift */; };
		04F76223209669BD001326F1 /* DefaultFloatIfNilActionTest.swift in Sources */ = {isa = PBXBuildFile; fileRef = 04F76222209669BD001326F1 /* DefaultFloatIfNilActionTest.swift */; };
		04F7622520966AA6001326F1 /* DefaultIntIfNilActionTest.swift in Sources */ = {isa = PBXBuildFile; fileRef = 04F7622420966AA6001326F1 /* DefaultIntIfNilActionTest.swift */; };
		04F7622920966CCE001326F1 /* ReleasesApiDataSource.swift in Sources */ = {isa = PBXBuildFile; fileRef = 04F7622820966CCE001326F1 /* ReleasesApiDataSource.swift */; };
		04F7622C20966D45001326F1 /* ReleaseResponse.swift in Sources */ = {isa = PBXBuildFile; fileRef = 04F7622B20966D45001326F1 /* ReleaseResponse.swift */; };
		04F7622E20966EE0001326F1 /* MovieResponse.swift in Sources */ = {isa = PBXBuildFile; fileRef = 04F7622D20966EE0001326F1 /* MovieResponse.swift */; };
		04F762302098A96F001326F1 /* MovieDetailResponse.swift in Sources */ = {isa = PBXBuildFile; fileRef = 04F7622F2098A96F001326F1 /* MovieDetailResponse.swift */; };
		04F762322098AA5E001326F1 /* GenreResponse.swift in Sources */ = {isa = PBXBuildFile; fileRef = 04F762312098AA5E001326F1 /* GenreResponse.swift */; };
		12D0AD37D8D7002CDEF8EC10 /* Pods_MovieInvolvedTests.framework in Frameworks */ = {isa = PBXBuildFile; fileRef = B90F1302AA9D14121F210175 /* Pods_MovieInvolvedTests.framework */; };
		D8FC856D298D2D8BC73AF193 /* Pods_MovieInvolved.framework in Frameworks */ = {isa = PBXBuildFile; fileRef = 8545BFAAA02ADFC3A2A906B6 /* Pods_MovieInvolved.framework */; };
/* End PBXBuildFile section */

/* Begin PBXContainerItemProxy section */
		0461E011209602F800803FFF /* PBXContainerItemProxy */ = {
			isa = PBXContainerItemProxy;
			containerPortal = 0461DFF4209602F600803FFF /* Project object */;
			proxyType = 1;
			remoteGlobalIDString = 0461DFFB209602F600803FFF;
			remoteInfo = MovieInvolved;
		};
/* End PBXContainerItemProxy section */

/* Begin PBXFileReference section */
		0461DFFC209602F600803FFF /* MovieInvolved.app */ = {isa = PBXFileReference; explicitFileType = wrapper.application; includeInIndex = 0; path = MovieInvolved.app; sourceTree = BUILT_PRODUCTS_DIR; };
		0461DFFF209602F600803FFF /* AppDelegate.swift */ = {isa = PBXFileReference; lastKnownFileType = sourcecode.swift; path = AppDelegate.swift; sourceTree = "<group>"; };
		0461E001209602F600803FFF /* ViewController.swift */ = {isa = PBXFileReference; lastKnownFileType = sourcecode.swift; path = ViewController.swift; sourceTree = "<group>"; };
		0461E006209602F800803FFF /* Assets.xcassets */ = {isa = PBXFileReference; lastKnownFileType = folder.assetcatalog; path = Assets.xcassets; sourceTree = "<group>"; };
		0461E009209602F800803FFF /* Base */ = {isa = PBXFileReference; lastKnownFileType = file.storyboard; name = Base; path = Base.lproj/LaunchScreen.storyboard; sourceTree = "<group>"; };
		0461E00B209602F800803FFF /* Info.plist */ = {isa = PBXFileReference; lastKnownFileType = text.plist.xml; path = Info.plist; sourceTree = "<group>"; };
		0461E010209602F800803FFF /* MovieInvolvedTests.xctest */ = {isa = PBXFileReference; explicitFileType = wrapper.cfbundle; includeInIndex = 0; path = MovieInvolvedTests.xctest; sourceTree = BUILT_PRODUCTS_DIR; };
		0461E014209602F800803FFF /* MovieInvolvedTests.swift */ = {isa = PBXFileReference; lastKnownFileType = sourcecode.swift; path = MovieInvolvedTests.swift; sourceTree = "<group>"; };
		0461E016209602F800803FFF /* Info.plist */ = {isa = PBXFileReference; lastKnownFileType = text.plist.xml; path = Info.plist; sourceTree = "<group>"; };
		04D4134520965F07009CFDB4 /* HomeViewController.swift */ = {isa = PBXFileReference; lastKnownFileType = sourcecode.swift; path = HomeViewController.swift; sourceTree = "<group>"; };
		04D4134820965F6F009CFDB4 /* HomeStoryboardLoadable.swift */ = {isa = PBXFileReference; lastKnownFileType = sourcecode.swift; path = HomeStoryboardLoadable.swift; sourceTree = "<group>"; };
		04E1852320960D1B00534733 /* BaseCallback.swift */ = {isa = PBXFileReference; lastKnownFileType = sourcecode.swift; path = BaseCallback.swift; sourceTree = "<group>"; };
		04E1852620960D3E00534733 /* CallbackEnum.swift */ = {isa = PBXFileReference; lastKnownFileType = sourcecode.swift; path = CallbackEnum.swift; sourceTree = "<group>"; };
		04E1852920960D7200534733 /* DateConverter.swift */ = {isa = PBXFileReference; lastKnownFileType = sourcecode.swift; path = DateConverter.swift; sourceTree = "<group>"; };
		04E1852B20960D9B00534733 /* RemoteUtils.swift */ = {isa = PBXFileReference; lastKnownFileType = sourcecode.swift; path = RemoteUtils.swift; sourceTree = "<group>"; };
		04E1852E20960DF100534733 /* StoryboardLoadable.swift */ = {isa = PBXFileReference; lastKnownFileType = sourcecode.swift; path = StoryboardLoadable.swift; sourceTree = "<group>"; };
		04E1853120960E2300534733 /* UIStoryBoardExtension.swift */ = {isa = PBXFileReference; lastKnownFileType = sourcecode.swift; path = UIStoryBoardExtension.swift; sourceTree = "<group>"; };
		04E1853320960E4E00534733 /* UIActivityIndicatorViewExtension.swift */ = {isa = PBXFileReference; lastKnownFileType = sourcecode.swift; path = UIActivityIndicatorViewExtension.swift; sourceTree = "<group>"; };
		04E1853520960E6C00534733 /* UIColorExtension.swift */ = {isa = PBXFileReference; lastKnownFileType = sourcecode.swift; path = UIColorExtension.swift; sourceTree = "<group>"; };
		04E18537209613A500534733 /* UIDeviceExtension.swift */ = {isa = PBXFileReference; lastKnownFileType = sourcecode.swift; path = UIDeviceExtension.swift; sourceTree = "<group>"; };
		04E18539209613EB00534733 /* DefaultValues.swift */ = {isa = PBXFileReference; lastKnownFileType = sourcecode.swift; path = DefaultValues.swift; sourceTree = "<group>"; };
		04E1853B2096142000534733 /* UIViewController.swift */ = {isa = PBXFileReference; lastKnownFileType = sourcecode.swift; path = UIViewController.swift; sourceTree = "<group>"; };
		04E1853F2096146D00534733 /* LoaderViewController.swift */ = {isa = PBXFileReference; lastKnownFileType = sourcecode.swift; path = LoaderViewController.swift; sourceTree = "<group>"; };
		04F76214209660EF001326F1 /* Home.storyboard */ = {isa = PBXFileReference; lastKnownFileType = file.storyboard; path = Home.storyboard; sourceTree = "<group>"; };
		04F7621820966249001326F1 /* BuildUrlWithPath.swift */ = {isa = PBXFileReference; lastKnownFileType = sourcecode.swift; path = BuildUrlWithPath.swift; sourceTree = "<group>"; };
		04F7621C20966575001326F1 /* DefaultStringIfNilActionTest.swift */ = {isa = PBXFileReference; lastKnownFileType = sourcecode.swift; path = DefaultStringIfNilActionTest.swift; sourceTree = "<group>"; };
		04F7621E2096675A001326F1 /* DefaultBoolIfNilActionTest.swift */ = {isa = PBXFileReference; lastKnownFileType = sourcecode.swift; path = DefaultBoolIfNilActionTest.swift; sourceTree = "<group>"; };
		04F762202096685C001326F1 /* DefaultDateIfNilActionTest.swift */ = {isa = PBXFileReference; lastKnownFileType = sourcecode.swift; path = DefaultDateIfNilActionTest.swift; sourceTree = "<group>"; };
		04F76222209669BD001326F1 /* DefaultFloatIfNilActionTest.swift */ = {isa = PBXFileReference; lastKnownFileType = sourcecode.swift; path = DefaultFloatIfNilActionTest.swift; sourceTree = "<group>"; };
		04F7622420966AA6001326F1 /* DefaultIntIfNilActionTest.swift */ = {isa = PBXFileReference; lastKnownFileType = sourcecode.swift; path = DefaultIntIfNilActionTest.swift; sourceTree = "<group>"; };
		04F7622820966CCE001326F1 /* ReleasesApiDataSource.swift */ = {isa = PBXFileReference; lastKnownFileType = sourcecode.swift; path = ReleasesApiDataSource.swift; sourceTree = "<group>"; };
		04F7622B20966D45001326F1 /* ReleaseResponse.swift */ = {isa = PBXFileReference; lastKnownFileType = sourcecode.swift; path = ReleaseResponse.swift; sourceTree = "<group>"; };
		04F7622D20966EE0001326F1 /* MovieResponse.swift */ = {isa = PBXFileReference; lastKnownFileType = sourcecode.swift; path = MovieResponse.swift; sourceTree = "<group>"; };
		04F7622F2098A96F001326F1 /* MovieDetailResponse.swift */ = {isa = PBXFileReference; lastKnownFileType = sourcecode.swift; path = MovieDetailResponse.swift; sourceTree = "<group>"; };
		04F762312098AA5E001326F1 /* GenreResponse.swift */ = {isa = PBXFileReference; lastKnownFileType = sourcecode.swift; path = GenreResponse.swift; sourceTree = "<group>"; };
		194ED77AF827A592B20878D3 /* Pods-MovieInvolved.release.xcconfig */ = {isa = PBXFileReference; includeInIndex = 1; lastKnownFileType = text.xcconfig; name = "Pods-MovieInvolved.release.xcconfig"; path = "Pods/Target Support Files/Pods-MovieInvolved/Pods-MovieInvolved.release.xcconfig"; sourceTree = "<group>"; };
		429E873EAC03F067ABCF8A3D /* Pods-MovieInvolvedTests.release.xcconfig */ = {isa = PBXFileReference; includeInIndex = 1; lastKnownFileType = text.xcconfig; name = "Pods-MovieInvolvedTests.release.xcconfig"; path = "Pods/Target Support Files/Pods-MovieInvolvedTests/Pods-MovieInvolvedTests.release.xcconfig"; sourceTree = "<group>"; };
		8545BFAAA02ADFC3A2A906B6 /* Pods_MovieInvolved.framework */ = {isa = PBXFileReference; explicitFileType = wrapper.framework; includeInIndex = 0; path = Pods_MovieInvolved.framework; sourceTree = BUILT_PRODUCTS_DIR; };
		B37A3F286780EA1CC5B43E71 /* Pods-MovieInvolved.debug.xcconfig */ = {isa = PBXFileReference; includeInIndex = 1; lastKnownFileType = text.xcconfig; name = "Pods-MovieInvolved.debug.xcconfig"; path = "Pods/Target Support Files/Pods-MovieInvolved/Pods-MovieInvolved.debug.xcconfig"; sourceTree = "<group>"; };
		B90F1302AA9D14121F210175 /* Pods_MovieInvolvedTests.framework */ = {isa = PBXFileReference; explicitFileType = wrapper.framework; includeInIndex = 0; path = Pods_MovieInvolvedTests.framework; sourceTree = BUILT_PRODUCTS_DIR; };
		F01DF7C20517F13037EAC209 /* Pods-MovieInvolvedTests.debug.xcconfig */ = {isa = PBXFileReference; includeInIndex = 1; lastKnownFileType = text.xcconfig; name = "Pods-MovieInvolvedTests.debug.xcconfig"; path = "Pods/Target Support Files/Pods-MovieInvolvedTests/Pods-MovieInvolvedTests.debug.xcconfig"; sourceTree = "<group>"; };
/* End PBXFileReference section */

/* Begin PBXFrameworksBuildPhase section */
		0461DFF9209602F600803FFF /* Frameworks */ = {
			isa = PBXFrameworksBuildPhase;
			buildActionMask = 2147483647;
			files = (
				D8FC856D298D2D8BC73AF193 /* Pods_MovieInvolved.framework in Frameworks */,
			);
			runOnlyForDeploymentPostprocessing = 0;
		};
		0461E00D209602F800803FFF /* Frameworks */ = {
			isa = PBXFrameworksBuildPhase;
			buildActionMask = 2147483647;
			files = (
				12D0AD37D8D7002CDEF8EC10 /* Pods_MovieInvolvedTests.framework in Frameworks */,
			);
			runOnlyForDeploymentPostprocessing = 0;
		};
/* End PBXFrameworksBuildPhase section */

/* Begin PBXGroup section */
		0461DFF3209602F600803FFF = {
			isa = PBXGroup;
			children = (
				0461DFFE209602F600803FFF /* MovieInvolved */,
				0461E013209602F800803FFF /* MovieInvolvedTests */,
				0461DFFD209602F600803FFF /* Products */,
				F1D06A6FFCD50AD3D2E7FDAD /* Pods */,
				F4E0629230784607D25CC512 /* Frameworks */,
			);
			sourceTree = "<group>";
		};
		0461DFFD209602F600803FFF /* Products */ = {
			isa = PBXGroup;
			children = (
				0461DFFC209602F600803FFF /* MovieInvolved.app */,
				0461E010209602F800803FFF /* MovieInvolvedTests.xctest */,
			);
			name = Products;
			sourceTree = "<group>";
		};
		0461DFFE209602F600803FFF /* MovieInvolved */ = {
			isa = PBXGroup;
			children = (
				04E1853D2096145600534733 /* Application */,
				04F7621320966097001326F1 /* Infrastructure */,
				04F7622A20966D19001326F1 /* Entities */,
				04E1852220960D0100534733 /* Utils */,
				0461DFFF209602F600803FFF /* AppDelegate.swift */,
				0461E001209602F600803FFF /* ViewController.swift */,
				0461E006209602F800803FFF /* Assets.xcassets */,
				0461E008209602F800803FFF /* LaunchScreen.storyboard */,
				0461E00B209602F800803FFF /* Info.plist */,
			);
			path = MovieInvolved;
			sourceTree = "<group>";
		};
		0461E013209602F800803FFF /* MovieInvolvedTests */ = {
			isa = PBXGroup;
			children = (
				04F7621720966230001326F1 /* Utils */,
				0461E014209602F800803FFF /* MovieInvolvedTests.swift */,
				0461E016209602F800803FFF /* Info.plist */,
			);
			path = MovieInvolvedTests;
			sourceTree = "<group>";
		};
		04D4134320965ED9009CFDB4 /* Modules */ = {
			isa = PBXGroup;
			children = (
				04D4134420965EF6009CFDB4 /* Home */,
			);
			path = Modules;
			sourceTree = "<group>";
		};
		04D4134420965EF6009CFDB4 /* Home */ = {
			isa = PBXGroup;
			children = (
				04D4134720965F58009CFDB4 /* Extensions */,
				04D4134520965F07009CFDB4 /* HomeViewController.swift */,
				04F76214209660EF001326F1 /* Home.storyboard */,
			);
			path = Home;
			sourceTree = "<group>";
		};
		04D4134720965F58009CFDB4 /* Extensions */ = {
			isa = PBXGroup;
			children = (
				04D4134820965F6F009CFDB4 /* HomeStoryboardLoadable.swift */,
			);
			path = Extensions;
			sourceTree = "<group>";
		};
		04E1852220960D0100534733 /* Utils */ = {
			isa = PBXGroup;
			children = (
				04E1853020960E0400534733 /* Extensions */,
				04E1852D20960DDE00534733 /* Protocols */,
				04E1852820960D6400534733 /* Converters */,
				04E1852520960D3800534733 /* Enums */,
				04E1852320960D1B00534733 /* BaseCallback.swift */,
				04E1852B20960D9B00534733 /* RemoteUtils.swift */,
				04E18539209613EB00534733 /* DefaultValues.swift */,
			);
			path = Utils;
			sourceTree = "<group>";
		};
		04E1852520960D3800534733 /* Enums */ = {
			isa = PBXGroup;
			children = (
				04E1852620960D3E00534733 /* CallbackEnum.swift */,
			);
			path = Enums;
			sourceTree = "<group>";
		};
		04E1852820960D6400534733 /* Converters */ = {
			isa = PBXGroup;
			children = (
				04E1852920960D7200534733 /* DateConverter.swift */,
			);
			path = Converters;
			sourceTree = "<group>";
		};
		04E1852D20960DDE00534733 /* Protocols */ = {
			isa = PBXGroup;
			children = (
				04E1852E20960DF100534733 /* StoryboardLoadable.swift */,
			);
			path = Protocols;
			sourceTree = "<group>";
		};
		04E1853020960E0400534733 /* Extensions */ = {
			isa = PBXGroup;
			children = (
				04E1853120960E2300534733 /* UIStoryBoardExtension.swift */,
				04E1853320960E4E00534733 /* UIActivityIndicatorViewExtension.swift */,
				04E1853520960E6C00534733 /* UIColorExtension.swift */,
				04E18537209613A500534733 /* UIDeviceExtension.swift */,
				04E1853B2096142000534733 /* UIViewController.swift */,
			);
			path = Extensions;
			sourceTree = "<group>";
		};
		04E1853D2096145600534733 /* Application */ = {
			isa = PBXGroup;
			children = (
				04D4134320965ED9009CFDB4 /* Modules */,
				04E1853E2096146100534733 /* Common */,
			);
			path = Application;
			sourceTree = "<group>";
		};
		04E1853E2096146100534733 /* Common */ = {
			isa = PBXGroup;
			children = (
				04E1853F2096146D00534733 /* LoaderViewController.swift */,
			);
			path = Common;
			sourceTree = "<group>";
		};
		04F7621320966097001326F1 /* Infrastructure */ = {
			isa = PBXGroup;
			children = (
				04F762162096620E001326F1 /* Remote */,
			);
			path = Infrastructure;
			sourceTree = "<group>";
		};
		04F762162096620E001326F1 /* Remote */ = {
			isa = PBXGroup;
			children = (
				04F7622620966C1D001326F1 /* Releases */,
			);
			path = Remote;
			sourceTree = "<group>";
		};
		04F7621720966230001326F1 /* Utils */ = {
			isa = PBXGroup;
			children = (
				04F7621B20966565001326F1 /* DefaultValues */,
				04F7621A2096625A001326F1 /* RemoteUtils */,
			);
			path = Utils;
			sourceTree = "<group>";
		};
		04F7621A2096625A001326F1 /* RemoteUtils */ = {
			isa = PBXGroup;
			children = (
				04F7621820966249001326F1 /* BuildUrlWithPath.swift */,
			);
			path = RemoteUtils;
			sourceTree = "<group>";
		};
		04F7621B20966565001326F1 /* DefaultValues */ = {
			isa = PBXGroup;
			children = (
				04F7621C20966575001326F1 /* DefaultStringIfNilActionTest.swift */,
				04F7621E2096675A001326F1 /* DefaultBoolIfNilActionTest.swift */,
				04F762202096685C001326F1 /* DefaultDateIfNilActionTest.swift */,
				04F76222209669BD001326F1 /* DefaultFloatIfNilActionTest.swift */,
				04F7622420966AA6001326F1 /* DefaultIntIfNilActionTest.swift */,
			);
			path = DefaultValues;
			sourceTree = "<group>";
		};
		04F7622620966C1D001326F1 /* Releases */ = {
			isa = PBXGroup;
			children = (
				04F7622720966C9E001326F1 /* Api */,
			);
			path = Releases;
			sourceTree = "<group>";
		};
		04F7622720966C9E001326F1 /* Api */ = {
			isa = PBXGroup;
			children = (
				04F7622820966CCE001326F1 /* ReleasesApiDataSource.swift */,
			);
			path = Api;
			sourceTree = "<group>";
		};
		04F7622A20966D19001326F1 /* Entities */ = {
			isa = PBXGroup;
			children = (
				04F762332098AF8B001326F1 /* Responses */,
			);
			path = Entities;
			sourceTree = "<group>";
		};
		04F762332098AF8B001326F1 /* Responses */ = {
			isa = PBXGroup;
			children = (
				04F7622B20966D45001326F1 /* ReleaseResponse.swift */,
				04F7622D20966EE0001326F1 /* MovieResponse.swift */,
				04F7622F2098A96F001326F1 /* MovieDetailResponse.swift */,
				04F762312098AA5E001326F1 /* GenreResponse.swift */,
			);
			path = Responses;
			sourceTree = "<group>";
		};
		F1D06A6FFCD50AD3D2E7FDAD /* Pods */ = {
			isa = PBXGroup;
			children = (
				B37A3F286780EA1CC5B43E71 /* Pods-MovieInvolved.debug.xcconfig */,
				194ED77AF827A592B20878D3 /* Pods-MovieInvolved.release.xcconfig */,
				F01DF7C20517F13037EAC209 /* Pods-MovieInvolvedTests.debug.xcconfig */,
				429E873EAC03F067ABCF8A3D /* Pods-MovieInvolvedTests.release.xcconfig */,
			);
			name = Pods;
			sourceTree = "<group>";
		};
		F4E0629230784607D25CC512 /* Frameworks */ = {
			isa = PBXGroup;
			children = (
				8545BFAAA02ADFC3A2A906B6 /* Pods_MovieInvolved.framework */,
				B90F1302AA9D14121F210175 /* Pods_MovieInvolvedTests.framework */,
			);
			name = Frameworks;
			sourceTree = "<group>";
		};
/* End PBXGroup section */

/* Begin PBXNativeTarget section */
		0461DFFB209602F600803FFF /* MovieInvolved */ = {
			isa = PBXNativeTarget;
			buildConfigurationList = 0461E019209602F800803FFF /* Build configuration list for PBXNativeTarget "MovieInvolved" */;
			buildPhases = (
				AC4BDE64E2BAE977D0958401 /* [CP] Check Pods Manifest.lock */,
				0461DFF8209602F600803FFF /* Sources */,
				0461DFF9209602F600803FFF /* Frameworks */,
				0461DFFA209602F600803FFF /* Resources */,
				95FCE00BBDD4E3307A8AB45C /* [CP] Embed Pods Frameworks */,
				00AA34E02E03635E4CBA96E2 /* [CP] Copy Pods Resources */,
			);
			buildRules = (
			);
			dependencies = (
			);
			name = MovieInvolved;
			productName = MovieInvolved;
			productReference = 0461DFFC209602F600803FFF /* MovieInvolved.app */;
			productType = "com.apple.product-type.application";
		};
		0461E00F209602F800803FFF /* MovieInvolvedTests */ = {
			isa = PBXNativeTarget;
			buildConfigurationList = 0461E01C209602F800803FFF /* Build configuration list for PBXNativeTarget "MovieInvolvedTests" */;
			buildPhases = (
				BB80D3B96C8CD63225854A2E /* [CP] Check Pods Manifest.lock */,
				0461E00C209602F800803FFF /* Sources */,
				0461E00D209602F800803FFF /* Frameworks */,
				0461E00E209602F800803FFF /* Resources */,
				5FCBB6D8B581E90A25FA6C31 /* [CP] Embed Pods Frameworks */,
				75C453F1F892F74E6D3EC1DB /* [CP] Copy Pods Resources */,
			);
			buildRules = (
			);
			dependencies = (
				0461E012209602F800803FFF /* PBXTargetDependency */,
			);
			name = MovieInvolvedTests;
			productName = MovieInvolvedTests;
			productReference = 0461E010209602F800803FFF /* MovieInvolvedTests.xctest */;
			productType = "com.apple.product-type.bundle.unit-test";
		};
/* End PBXNativeTarget section */

/* Begin PBXProject section */
		0461DFF4209602F600803FFF /* Project object */ = {
			isa = PBXProject;
			attributes = {
				LastSwiftUpdateCheck = 0930;
				LastUpgradeCheck = 0930;
				ORGANIZATIONNAME = Gabe;
				TargetAttributes = {
					0461DFFB209602F600803FFF = {
						CreatedOnToolsVersion = 9.3;
					};
					0461E00F209602F800803FFF = {
						CreatedOnToolsVersion = 9.3;
						TestTargetID = 0461DFFB209602F600803FFF;
					};
				};
			};
			buildConfigurationList = 0461DFF7209602F600803FFF /* Build configuration list for PBXProject "MovieInvolved" */;
			compatibilityVersion = "Xcode 9.3";
			developmentRegion = en;
			hasScannedForEncodings = 0;
			knownRegions = (
				en,
				Base,
			);
			mainGroup = 0461DFF3209602F600803FFF;
			productRefGroup = 0461DFFD209602F600803FFF /* Products */;
			projectDirPath = "";
			projectRoot = "";
			targets = (
				0461DFFB209602F600803FFF /* MovieInvolved */,
				0461E00F209602F800803FFF /* MovieInvolvedTests */,
			);
		};
/* End PBXProject section */

/* Begin PBXResourcesBuildPhase section */
		0461DFFA209602F600803FFF /* Resources */ = {
			isa = PBXResourcesBuildPhase;
			buildActionMask = 2147483647;
			files = (
				0461E00A209602F800803FFF /* LaunchScreen.storyboard in Resources */,
				0461E007209602F800803FFF /* Assets.xcassets in Resources */,
				04F76215209660EF001326F1 /* Home.storyboard in Resources */,
			);
			runOnlyForDeploymentPostprocessing = 0;
		};
		0461E00E209602F800803FFF /* Resources */ = {
			isa = PBXResourcesBuildPhase;
			buildActionMask = 2147483647;
			files = (
			);
			runOnlyForDeploymentPostprocessing = 0;
		};
/* End PBXResourcesBuildPhase section */

/* Begin PBXShellScriptBuildPhase section */
		00AA34E02E03635E4CBA96E2 /* [CP] Copy Pods Resources */ = {
			isa = PBXShellScriptBuildPhase;
			buildActionMask = 2147483647;
			files = (
			);
			inputPaths = (
			);
			name = "[CP] Copy Pods Resources";
			outputPaths = (
			);
			runOnlyForDeploymentPostprocessing = 0;
			shellPath = /bin/sh;
			shellScript = "\"${SRCROOT}/Pods/Target Support Files/Pods-MovieInvolved/Pods-MovieInvolved-resources.sh\"\n";
			showEnvVarsInLog = 0;
		};
		5FCBB6D8B581E90A25FA6C31 /* [CP] Embed Pods Frameworks */ = {
			isa = PBXShellScriptBuildPhase;
			buildActionMask = 2147483647;
			files = (
			);
			inputPaths = (
			);
			name = "[CP] Embed Pods Frameworks";
			outputPaths = (
			);
			runOnlyForDeploymentPostprocessing = 0;
			shellPath = /bin/sh;
			shellScript = "\"${SRCROOT}/Pods/Target Support Files/Pods-MovieInvolvedTests/Pods-MovieInvolvedTests-frameworks.sh\"\n";
			showEnvVarsInLog = 0;
		};
		75C453F1F892F74E6D3EC1DB /* [CP] Copy Pods Resources */ = {
			isa = PBXShellScriptBuildPhase;
			buildActionMask = 2147483647;
			files = (
			);
			inputPaths = (
			);
			name = "[CP] Copy Pods Resources";
			outputPaths = (
			);
			runOnlyForDeploymentPostprocessing = 0;
			shellPath = /bin/sh;
			shellScript = "\"${SRCROOT}/Pods/Target Support Files/Pods-MovieInvolvedTests/Pods-MovieInvolvedTests-resources.sh\"\n";
			showEnvVarsInLog = 0;
		};
		95FCE00BBDD4E3307A8AB45C /* [CP] Embed Pods Frameworks */ = {
			isa = PBXShellScriptBuildPhase;
			buildActionMask = 2147483647;
			files = (
			);
			inputPaths = (
			);
			name = "[CP] Embed Pods Frameworks";
			outputPaths = (
			);
			runOnlyForDeploymentPostprocessing = 0;
			shellPath = /bin/sh;
			shellScript = "\"${SRCROOT}/Pods/Target Support Files/Pods-MovieInvolved/Pods-MovieInvolved-frameworks.sh\"\n";
			showEnvVarsInLog = 0;
		};
		AC4BDE64E2BAE977D0958401 /* [CP] Check Pods Manifest.lock */ = {
			isa = PBXShellScriptBuildPhase;
			buildActionMask = 2147483647;
			files = (
			);
			inputPaths = (
			);
			name = "[CP] Check Pods Manifest.lock";
			outputPaths = (
			);
			runOnlyForDeploymentPostprocessing = 0;
			shellPath = /bin/sh;
			shellScript = "diff \"${PODS_ROOT}/../Podfile.lock\" \"${PODS_ROOT}/Manifest.lock\" > /dev/null\nif [ $? != 0 ] ; then\n    # print error to STDERR\n    echo \"error: The sandbox is not in sync with the Podfile.lock. Run 'pod install' or update your CocoaPods installation.\" >&2\n    exit 1\nfi\n";
			showEnvVarsInLog = 0;
		};
		BB80D3B96C8CD63225854A2E /* [CP] Check Pods Manifest.lock */ = {
			isa = PBXShellScriptBuildPhase;
			buildActionMask = 2147483647;
			files = (
			);
			inputPaths = (
			);
			name = "[CP] Check Pods Manifest.lock";
			outputPaths = (
			);
			runOnlyForDeploymentPostprocessing = 0;
			shellPath = /bin/sh;
			shellScript = "diff \"${PODS_ROOT}/../Podfile.lock\" \"${PODS_ROOT}/Manifest.lock\" > /dev/null\nif [ $? != 0 ] ; then\n    # print error to STDERR\n    echo \"error: The sandbox is not in sync with the Podfile.lock. Run 'pod install' or update your CocoaPods installation.\" >&2\n    exit 1\nfi\n";
			showEnvVarsInLog = 0;
		};
/* End PBXShellScriptBuildPhase section */

/* Begin PBXSourcesBuildPhase section */
		0461DFF8209602F600803FFF /* Sources */ = {
			isa = PBXSourcesBuildPhase;
			buildActionMask = 2147483647;
			files = (
				04F7622920966CCE001326F1 /* ReleasesApiDataSource.swift in Sources */,
				0461E002209602F600803FFF /* ViewController.swift in Sources */,
				0461E000209602F600803FFF /* AppDelegate.swift in Sources */,
				04E1853220960E2300534733 /* UIStoryBoardExtension.swift in Sources */,
				04F7622E20966EE0001326F1 /* MovieResponse.swift in Sources */,
				04E1852F20960DF100534733 /* StoryboardLoadable.swift in Sources */,
				04E1852420960D1B00534733 /* BaseCallback.swift in Sources */,
				04F7622C20966D45001326F1 /* ReleaseResponse.swift in Sources */,
				04F762322098AA5E001326F1 /* GenreResponse.swift in Sources */,
				04D4134620965F07009CFDB4 /* HomeViewController.swift in Sources */,
				04E1852C20960D9B00534733 /* RemoteUtils.swift in Sources */,
				04F762302098A96F001326F1 /* MovieDetailResponse.swift in Sources */,
				04E18538209613A500534733 /* UIDeviceExtension.swift in Sources */,
				04E1853C2096142000534733 /* UIViewController.swift in Sources */,
				04E1853A209613EB00534733 /* DefaultValues.swift in Sources */,
				04E1852720960D3E00534733 /* CallbackEnum.swift in Sources */,
				04E1853620960E6C00534733 /* UIColorExtension.swift in Sources */,
				04E185402096146D00534733 /* LoaderViewController.swift in Sources */,
				04D4134920965F6F009CFDB4 /* HomeStoryboardLoadable.swift in Sources */,
				04E1852A20960D7200534733 /* DateConverter.swift in Sources */,
				04E1853420960E4E00534733 /* UIActivityIndicatorViewExtension.swift in Sources */,
			);
			runOnlyForDeploymentPostprocessing = 0;
		};
		0461E00C209602F800803FFF /* Sources */ = {
			isa = PBXSourcesBuildPhase;
			buildActionMask = 2147483647;
			files = (
				04F7621F2096675A001326F1 /* DefaultBoolIfNilActionTest.swift in Sources */,
				04F76223209669BD001326F1 /* DefaultFloatIfNilActionTest.swift in Sources */,
				04F762212096685C001326F1 /* DefaultDateIfNilActionTest.swift in Sources */,
				04F7621D20966575001326F1 /* DefaultStringIfNilActionTest.swift in Sources */,
				04F7621920966249001326F1 /* BuildUrlWithPath.swift in Sources */,
				0461E015209602F800803FFF /* MovieInvolvedTests.swift in Sources */,
				04F7622520966AA6001326F1 /* DefaultIntIfNilActionTest.swift in Sources */,
			);
			runOnlyForDeploymentPostprocessing = 0;
		};
/* End PBXSourcesBuildPhase section */

/* Begin PBXTargetDependency section */
		0461E012209602F800803FFF /* PBXTargetDependency */ = {
			isa = PBXTargetDependency;
			target = 0461DFFB209602F600803FFF /* MovieInvolved */;
			targetProxy = 0461E011209602F800803FFF /* PBXContainerItemProxy */;
		};
/* End PBXTargetDependency section */

/* Begin PBXVariantGroup section */
		0461E008209602F800803FFF /* LaunchScreen.storyboard */ = {
			isa = PBXVariantGroup;
			children = (
				0461E009209602F800803FFF /* Base */,
			);
			name = LaunchScreen.storyboard;
			sourceTree = "<group>";
		};
/* End PBXVariantGroup section */

/* Begin XCBuildConfiguration section */
		0461E017209602F800803FFF /* Debug */ = {
			isa = XCBuildConfiguration;
			buildSettings = {
				ALWAYS_SEARCH_USER_PATHS = NO;
				CLANG_ANALYZER_NONNULL = YES;
				CLANG_ANALYZER_NUMBER_OBJECT_CONVERSION = YES_AGGRESSIVE;
				CLANG_CXX_LANGUAGE_STANDARD = "gnu++14";
				CLANG_CXX_LIBRARY = "libc++";
				CLANG_ENABLE_MODULES = YES;
				CLANG_ENABLE_OBJC_ARC = YES;
				CLANG_ENABLE_OBJC_WEAK = YES;
				CLANG_WARN_BLOCK_CAPTURE_AUTORELEASING = YES;
				CLANG_WARN_BOOL_CONVERSION = YES;
				CLANG_WARN_COMMA = YES;
				CLANG_WARN_CONSTANT_CONVERSION = YES;
				CLANG_WARN_DEPRECATED_OBJC_IMPLEMENTATIONS = YES;
				CLANG_WARN_DIRECT_OBJC_ISA_USAGE = YES_ERROR;
				CLANG_WARN_DOCUMENTATION_COMMENTS = YES;
				CLANG_WARN_EMPTY_BODY = YES;
				CLANG_WARN_ENUM_CONVERSION = YES;
				CLANG_WARN_INFINITE_RECURSION = YES;
				CLANG_WARN_INT_CONVERSION = YES;
				CLANG_WARN_NON_LITERAL_NULL_CONVERSION = YES;
				CLANG_WARN_OBJC_IMPLICIT_RETAIN_SELF = YES;
				CLANG_WARN_OBJC_LITERAL_CONVERSION = YES;
				CLANG_WARN_OBJC_ROOT_CLASS = YES_ERROR;
				CLANG_WARN_RANGE_LOOP_ANALYSIS = YES;
				CLANG_WARN_STRICT_PROTOTYPES = YES;
				CLANG_WARN_SUSPICIOUS_MOVE = YES;
				CLANG_WARN_UNGUARDED_AVAILABILITY = YES_AGGRESSIVE;
				CLANG_WARN_UNREACHABLE_CODE = YES;
				CLANG_WARN__DUPLICATE_METHOD_MATCH = YES;
				CODE_SIGN_IDENTITY = "iPhone Developer";
				COPY_PHASE_STRIP = NO;
				DEBUG_INFORMATION_FORMAT = dwarf;
				ENABLE_STRICT_OBJC_MSGSEND = YES;
				ENABLE_TESTABILITY = YES;
				GCC_C_LANGUAGE_STANDARD = gnu11;
				GCC_DYNAMIC_NO_PIC = NO;
				GCC_NO_COMMON_BLOCKS = YES;
				GCC_OPTIMIZATION_LEVEL = 0;
				GCC_PREPROCESSOR_DEFINITIONS = (
					"DEBUG=1",
					"$(inherited)",
				);
				GCC_WARN_64_TO_32_BIT_CONVERSION = YES;
				GCC_WARN_ABOUT_RETURN_TYPE = YES_ERROR;
				GCC_WARN_UNDECLARED_SELECTOR = YES;
				GCC_WARN_UNINITIALIZED_AUTOS = YES_AGGRESSIVE;
				GCC_WARN_UNUSED_FUNCTION = YES;
				GCC_WARN_UNUSED_VARIABLE = YES;
				IPHONEOS_DEPLOYMENT_TARGET = 11.3;
				MTL_ENABLE_DEBUG_INFO = YES;
				ONLY_ACTIVE_ARCH = YES;
				SDKROOT = iphoneos;
				SWIFT_ACTIVE_COMPILATION_CONDITIONS = DEBUG;
				SWIFT_OPTIMIZATION_LEVEL = "-Onone";
			};
			name = Debug;
		};
		0461E018209602F800803FFF /* Release */ = {
			isa = XCBuildConfiguration;
			buildSettings = {
				ALWAYS_SEARCH_USER_PATHS = NO;
				CLANG_ANALYZER_NONNULL = YES;
				CLANG_ANALYZER_NUMBER_OBJECT_CONVERSION = YES_AGGRESSIVE;
				CLANG_CXX_LANGUAGE_STANDARD = "gnu++14";
				CLANG_CXX_LIBRARY = "libc++";
				CLANG_ENABLE_MODULES = YES;
				CLANG_ENABLE_OBJC_ARC = YES;
				CLANG_ENABLE_OBJC_WEAK = YES;
				CLANG_WARN_BLOCK_CAPTURE_AUTORELEASING = YES;
				CLANG_WARN_BOOL_CONVERSION = YES;
				CLANG_WARN_COMMA = YES;
				CLANG_WARN_CONSTANT_CONVERSION = YES;
				CLANG_WARN_DEPRECATED_OBJC_IMPLEMENTATIONS = YES;
				CLANG_WARN_DIRECT_OBJC_ISA_USAGE = YES_ERROR;
				CLANG_WARN_DOCUMENTATION_COMMENTS = YES;
				CLANG_WARN_EMPTY_BODY = YES;
				CLANG_WARN_ENUM_CONVERSION = YES;
				CLANG_WARN_INFINITE_RECURSION = YES;
				CLANG_WARN_INT_CONVERSION = YES;
				CLANG_WARN_NON_LITERAL_NULL_CONVERSION = YES;
				CLANG_WARN_OBJC_IMPLICIT_RETAIN_SELF = YES;
				CLANG_WARN_OBJC_LITERAL_CONVERSION = YES;
				CLANG_WARN_OBJC_ROOT_CLASS = YES_ERROR;
				CLANG_WARN_RANGE_LOOP_ANALYSIS = YES;
				CLANG_WARN_STRICT_PROTOTYPES = YES;
				CLANG_WARN_SUSPICIOUS_MOVE = YES;
				CLANG_WARN_UNGUARDED_AVAILABILITY = YES_AGGRESSIVE;
				CLANG_WARN_UNREACHABLE_CODE = YES;
				CLANG_WARN__DUPLICATE_METHOD_MATCH = YES;
				CODE_SIGN_IDENTITY = "iPhone Developer";
				COPY_PHASE_STRIP = NO;
				DEBUG_INFORMATION_FORMAT = "dwarf-with-dsym";
				ENABLE_NS_ASSERTIONS = NO;
				ENABLE_STRICT_OBJC_MSGSEND = YES;
				GCC_C_LANGUAGE_STANDARD = gnu11;
				GCC_NO_COMMON_BLOCKS = YES;
				GCC_WARN_64_TO_32_BIT_CONVERSION = YES;
				GCC_WARN_ABOUT_RETURN_TYPE = YES_ERROR;
				GCC_WARN_UNDECLARED_SELECTOR = YES;
				GCC_WARN_UNINITIALIZED_AUTOS = YES_AGGRESSIVE;
				GCC_WARN_UNUSED_FUNCTION = YES;
				GCC_WARN_UNUSED_VARIABLE = YES;
				IPHONEOS_DEPLOYMENT_TARGET = 11.3;
				MTL_ENABLE_DEBUG_INFO = NO;
				SDKROOT = iphoneos;
				SWIFT_COMPILATION_MODE = wholemodule;
				SWIFT_OPTIMIZATION_LEVEL = "-O";
				VALIDATE_PRODUCT = YES;
			};
			name = Release;
		};
		0461E01A209602F800803FFF /* Debug */ = {
			isa = XCBuildConfiguration;
			baseConfigurationReference = B37A3F286780EA1CC5B43E71 /* Pods-MovieInvolved.debug.xcconfig */;
			buildSettings = {
				ASSETCATALOG_COMPILER_APPICON_NAME = AppIcon;
				CODE_SIGN_STYLE = Automatic;
				DEVELOPMENT_TEAM = UJSU72ZSSJ;
				INFOPLIST_FILE = MovieInvolved/Info.plist;
				LD_RUNPATH_SEARCH_PATHS = (
					"$(inherited)",
					"@executable_path/Frameworks",
				);
				PRODUCT_BUNDLE_IDENTIFIER = br.com.gabe.MovieInvolved;
				PRODUCT_NAME = "$(TARGET_NAME)";
				SWIFT_VERSION = 4.0;
				TARGETED_DEVICE_FAMILY = "1,2";
			};
			name = Debug;
		};
		0461E01B209602F800803FFF /* Release */ = {
			isa = XCBuildConfiguration;
			baseConfigurationReference = 194ED77AF827A592B20878D3 /* Pods-MovieInvolved.release.xcconfig */;
			buildSettings = {
				ASSETCATALOG_COMPILER_APPICON_NAME = AppIcon;
				CODE_SIGN_STYLE = Automatic;
				DEVELOPMENT_TEAM = UJSU72ZSSJ;
				INFOPLIST_FILE = MovieInvolved/Info.plist;
				LD_RUNPATH_SEARCH_PATHS = (
					"$(inherited)",
					"@executable_path/Frameworks",
				);
				PRODUCT_BUNDLE_IDENTIFIER = br.com.gabe.MovieInvolved;
				PRODUCT_NAME = "$(TARGET_NAME)";
				SWIFT_VERSION = 4.0;
				TARGETED_DEVICE_FAMILY = "1,2";
			};
			name = Release;
		};
		0461E01D209602F800803FFF /* Debug */ = {
			isa = XCBuildConfiguration;
			baseConfigurationReference = F01DF7C20517F13037EAC209 /* Pods-MovieInvolvedTests.debug.xcconfig */;
			buildSettings = {
				ALWAYS_EMBED_SWIFT_STANDARD_LIBRARIES = YES;
				BUNDLE_LOADER = "$(TEST_HOST)";
				CODE_SIGN_STYLE = Automatic;
				DEVELOPMENT_TEAM = UJSU72ZSSJ;
				INFOPLIST_FILE = MovieInvolvedTests/Info.plist;
				LD_RUNPATH_SEARCH_PATHS = (
					"$(inherited)",
					"@executable_path/Frameworks",
					"@loader_path/Frameworks",
				);
				PRODUCT_BUNDLE_IDENTIFIER = br.com.gabe.MovieInvolvedTests;
				PRODUCT_NAME = "$(TARGET_NAME)";
				SWIFT_VERSION = 4.0;
				TARGETED_DEVICE_FAMILY = "1,2";
				TEST_HOST = "$(BUILT_PRODUCTS_DIR)/MovieInvolved.app/MovieInvolved";
			};
			name = Debug;
		};
		0461E01E209602F800803FFF /* Release */ = {
			isa = XCBuildConfiguration;
			baseConfigurationReference = 429E873EAC03F067ABCF8A3D /* Pods-MovieInvolvedTests.release.xcconfig */;
			buildSettings = {
				ALWAYS_EMBED_SWIFT_STANDARD_LIBRARIES = YES;
				BUNDLE_LOADER = "$(TEST_HOST)";
				CODE_SIGN_STYLE = Automatic;
				DEVELOPMENT_TEAM = UJSU72ZSSJ;
				INFOPLIST_FILE = MovieInvolvedTests/Info.plist;
				LD_RUNPATH_SEARCH_PATHS = (
					"$(inherited)",
					"@executable_path/Frameworks",
					"@loader_path/Frameworks",
				);
				PRODUCT_BUNDLE_IDENTIFIER = br.com.gabe.MovieInvolvedTests;
				PRODUCT_NAME = "$(TARGET_NAME)";
				SWIFT_VERSION = 4.0;
				TARGETED_DEVICE_FAMILY = "1,2";
				TEST_HOST = "$(BUILT_PRODUCTS_DIR)/MovieInvolved.app/MovieInvolved";
			};
			name = Release;
		};
/* End XCBuildConfiguration section */

/* Begin XCConfigurationList section */
		0461DFF7209602F600803FFF /* Build configuration list for PBXProject "MovieInvolved" */ = {
			isa = XCConfigurationList;
			buildConfigurations = (
				0461E017209602F800803FFF /* Debug */,
				0461E018209602F800803FFF /* Release */,
			);
			defaultConfigurationIsVisible = 0;
			defaultConfigurationName = Release;
		};
		0461E019209602F800803FFF /* Build configuration list for PBXNativeTarget "MovieInvolved" */ = {
			isa = XCConfigurationList;
			buildConfigurations = (
				0461E01A209602F800803FFF /* Debug */,
				0461E01B209602F800803FFF /* Release */,
			);
			defaultConfigurationIsVisible = 0;
			defaultConfigurationName = Release;
		};
		0461E01C209602F800803FFF /* Build configuration list for PBXNativeTarget "MovieInvolvedTests" */ = {
			isa = XCConfigurationList;
			buildConfigurations = (
				0461E01D209602F800803FFF /* Debug */,
				0461E01E209602F800803FFF /* Release */,
			);
			defaultConfigurationIsVisible = 0;
			defaultConfigurationName = Release;
		};
/* End XCConfigurationList section */
	};
	rootObject = 0461DFF4209602F600803FFF /* Project object */;
}
